
Microsoft Visual Studio Solution File, Format Version 12.00
# Visual Studio Version 17
VisualStudioVersion = 17.8.34322.80
MinimumVisualStudioVersion = 10.0.40219.1
Project("{FAE04EC0-301F-11D3-BF4B-00C04F79EFBC}") = "HotelCreatedEventHandler", "HotelCreatedEventHandler\HotelCreatedEventHandler.csproj", "{6140B3F7-958C-45E1-8743-79EB83CBEFD4}"
EndProject
Project("{FAE04EC0-301F-11D3-BF4B-00C04F79EFBC}") = "HotelCreatedEventHandler.test1", "HotelCreatedEventHandler.test1\HotelCreatedEventHandler.test1.csproj", "{77903600-9698-4B90-9E10-EF18805AC465}"
EndProject
Global
	GlobalSection(SolutionConfigurationPlatforms) = preSolution
		Debug|Any CPU = Debug|Any CPU
		Release|Any CPU = Release|Any CPU
	EndGlobalSection
	GlobalSection(ProjectConfigurationPlatforms) = postSolution
		{6140B3F7-958C-45E1-8743-79EB83CBEFD4}.Debug|Any CPU.ActiveCfg = Debug|Any CPU
		{6140B3F7-958C-45E1-8743-79EB83CBEFD4}.Debug|Any CPU.Build.0 = Debug|Any CPU
		{6140B3F7-958C-45E1-8743-79EB83CBEFD4}.Release|Any CPU.ActiveCfg = Release|Any CPU
		{6140B3F7-958C-45E1-8743-79EB83CBEFD4}.Release|Any CPU.Build.0 = Release|Any CPU
		{77903600-9698-4B90-9E10-EF18805AC465}.Debug|Any CPU.ActiveCfg = Debug|Any CPU
		{77903600-9698-4B90-9E10-EF18805AC465}.Debug|Any CPU.Build.0 = Debug|Any CPU
		{77903600-9698-4B90-9E10-EF18805AC465}.Release|Any CPU.ActiveCfg = Release|Any CPU
		{77903600-9698-4B90-9E10-EF18805AC465}.Release|Any CPU.Build.0 = Release|Any CPU
	EndGlobalSection
	GlobalSection(SolutionProperties) = preSolution
		HideSolutionNode = FALSE
	EndGlobalSection
	GlobalSection(ExtensibilityGlobals) = postSolution
		SolutionGuid = {AA3309D1-05C2-47BE-97DF-C64DA8A9CCA8}
	EndGlobalSection
EndGlobal
